// !$*UTF8*$!
{
	archiveVersion = 1;
	classes = {
	};
	objectVersion = 46;
	objects = {

/* Begin PBXBuildFile section */
		791079E814E1A4B700EE9281 /* WebKit.framework in Frameworks */ = {isa = PBXBuildFile; fileRef = 791079E714E1A4B700EE9281 /* WebKit.framework */; };
		791079EE14E1A73900EE9281 /* MPWebView.m in Sources */ = {isa = PBXBuildFile; fileRef = 791079ED14E1A73900EE9281 /* MPWebView.m */; };
		993D13E0166F0BC700B52D84 /* MPP.icns in Resources */ = {isa = PBXBuildFile; fileRef = 993D13DF166F0BC700B52D84 /* MPP.icns */; };
		99BC46291660E9F20019516F /* SPMediaKeyTap.m in Sources */ = {isa = PBXBuildFile; fileRef = 99BC46281660E9F10019516F /* SPMediaKeyTap.m */; };
		99BC462F1660EC490019516F /* SPInvocationGrabbing.m in Sources */ = {isa = PBXBuildFile; fileRef = 99BC462E1660EC480019516F /* SPInvocationGrabbing.m */; };
		99BC46311660F3940019516F /* Carbon.framework in Frameworks */ = {isa = PBXBuildFile; fileRef = 99BC46301660F3940019516F /* Carbon.framework */; };
		99EA6997166DDC3100CF82E2 /* MP.png in Resources */ = {isa = PBXBuildFile; fileRef = 99EA6995166DDC3100CF82E2 /* MP.png */; };
		99EA6998166DDC3100CF82E2 /* MPActive.png in Resources */ = {isa = PBXBuildFile; fileRef = 99EA6996166DDC3100CF82E2 /* MPActive.png */; };
		DD4F7C0913C30F9F00825C6E /* Cocoa.framework in Frameworks */ = {isa = PBXBuildFile; fileRef = DD4F7C0813C30F9F00825C6E /* Cocoa.framework */; };
		DD4F7C1513C30F9F00825C6E /* main.m in Sources */ = {isa = PBXBuildFile; fileRef = DD4F7C1413C30F9F00825C6E /* main.m */; };
		DD4F7C1C13C30F9F00825C6E /* ApplicationDelegate.m in Sources */ = {isa = PBXBuildFile; fileRef = DD4F7C1B13C30F9F00825C6E /* ApplicationDelegate.m */; };
		DD4F7C1F13C30F9F00825C6E /* MainMenu.xib in Resources */ = {isa = PBXBuildFile; fileRef = DD4F7C1D13C30F9F00825C6E /* MainMenu.xib */; };
		DD4F7C3813C317A500825C6E /* MenubarController.m in Sources */ = {isa = PBXBuildFile; fileRef = DD4F7C3713C317A500825C6E /* MenubarController.m */; };
		DD4F7C3C13C3180800825C6E /* StatusItemView.m in Sources */ = {isa = PBXBuildFile; fileRef = DD4F7C3B13C3180800825C6E /* StatusItemView.m */; };
		DD4F7C3F13C318D600825C6E /* PanelController.m in Sources */ = {isa = PBXBuildFile; fileRef = DD4F7C3E13C318D600825C6E /* PanelController.m */; };
		DD4F7C4113C31B4A00825C6E /* Panel.xib in Resources */ = {isa = PBXBuildFile; fileRef = DD4F7C4013C31B4A00825C6E /* Panel.xib */; };
		DD4F7C4413C31BD200825C6E /* Panel.m in Sources */ = {isa = PBXBuildFile; fileRef = DD4F7C4313C31BD200825C6E /* Panel.m */; };
		DD4F7C4713C3208500825C6E /* BackgroundView.m in Sources */ = {isa = PBXBuildFile; fileRef = DD4F7C4613C3208500825C6E /* BackgroundView.m */; };
/* End PBXBuildFile section */

/* Begin PBXFileReference section */
		791079E714E1A4B700EE9281 /* WebKit.framework */ = {isa = PBXFileReference; lastKnownFileType = wrapper.framework; name = WebKit.framework; path = System/Library/Frameworks/WebKit.framework; sourceTree = SDKROOT; };
		791079EC14E1A73900EE9281 /* MPWebView.h */ = {isa = PBXFileReference; fileEncoding = 4; lastKnownFileType = sourcecode.c.h; path = MPWebView.h; sourceTree = "<group>"; };
		791079ED14E1A73900EE9281 /* MPWebView.m */ = {isa = PBXFileReference; fileEncoding = 4; lastKnownFileType = sourcecode.c.objc; path = MPWebView.m; sourceTree = "<group>"; };
		993D13DF166F0BC700B52D84 /* MPP.icns */ = {isa = PBXFileReference; lastKnownFileType = image.icns; path = MPP.icns; sourceTree = "<group>"; };
		99BC46271660E8E20019516F /* SPMediaKeyTap.h */ = {isa = PBXFileReference; lastKnownFileType = sourcecode.c.h; path = SPMediaKeyTap.h; sourceTree = "<group>"; };
		99BC46281660E9F10019516F /* SPMediaKeyTap.m */ = {isa = PBXFileReference; fileEncoding = 4; lastKnownFileType = sourcecode.c.objc; path = SPMediaKeyTap.m; sourceTree = "<group>"; };
		99BC462D1660EC1A0019516F /* SPInvocationGrabbing.h */ = {isa = PBXFileReference; lastKnownFileType = sourcecode.c.h; path = SPInvocationGrabbing.h; sourceTree = "<group>"; };
		99BC462E1660EC480019516F /* SPInvocationGrabbing.m */ = {isa = PBXFileReference; fileEncoding = 4; lastKnownFileType = sourcecode.c.objc; path = SPInvocationGrabbing.m; sourceTree = "<group>"; };
		99BC46301660F3940019516F /* Carbon.framework */ = {isa = PBXFileReference; lastKnownFileType = wrapper.framework; name = Carbon.framework; path = System/Library/Frameworks/Carbon.framework; sourceTree = SDKROOT; };
		99EA6995166DDC3100CF82E2 /* MP.png */ = {isa = PBXFileReference; lastKnownFileType = image.png; path = MP.png; sourceTree = "<group>"; };
		99EA6996166DDC3100CF82E2 /* MPActive.png */ = {isa = PBXFileReference; lastKnownFileType = image.png; path = MPActive.png; sourceTree = "<group>"; };
		DD4F7C0413C30F9F00825C6E /* MusicPlayrPlaya.app */ = {isa = PBXFileReference; explicitFileType = wrapper.application; includeInIndex = 0; path = MusicPlayrPlaya.app; sourceTree = BUILT_PRODUCTS_DIR; };
		DD4F7C0813C30F9F00825C6E /* Cocoa.framework */ = {isa = PBXFileReference; lastKnownFileType = wrapper.framework; name = Cocoa.framework; path = System/Library/Frameworks/Cocoa.framework; sourceTree = SDKROOT; };
		DD4F7C0B13C30F9F00825C6E /* AppKit.framework */ = {isa = PBXFileReference; lastKnownFileType = wrapper.framework; name = AppKit.framework; path = System/Library/Frameworks/AppKit.framework; sourceTree = SDKROOT; };
		DD4F7C0C13C30F9F00825C6E /* CoreData.framework */ = {isa = PBXFileReference; lastKnownFileType = wrapper.framework; name = CoreData.framework; path = System/Library/Frameworks/CoreData.framework; sourceTree = SDKROOT; };
		DD4F7C0D13C30F9F00825C6E /* Foundation.framework */ = {isa = PBXFileReference; lastKnownFileType = wrapper.framework; name = Foundation.framework; path = System/Library/Frameworks/Foundation.framework; sourceTree = SDKROOT; };
		DD4F7C1013C30F9F00825C6E /* MusicPlayrPlaya-Info.plist */ = {isa = PBXFileReference; lastKnownFileType = text.plist.xml; name = "MusicPlayrPlaya-Info.plist"; path = "MusicPlayrPlaya/MusicPlayrPlaya-Info.plist"; sourceTree = "<group>"; };
		DD4F7C1413C30F9F00825C6E /* main.m */ = {isa = PBXFileReference; lastKnownFileType = sourcecode.c.objc; path = main.m; sourceTree = "<group>"; };
		DD4F7C1613C30F9F00825C6E /* MusicPlayrPlaya-Prefix.pch */ = {isa = PBXFileReference; lastKnownFileType = sourcecode.c.h; path = "MusicPlayrPlaya-Prefix.pch"; sourceTree = "<group>"; };
		DD4F7C1A13C30F9F00825C6E /* ApplicationDelegate.h */ = {isa = PBXFileReference; lastKnownFileType = sourcecode.c.h; path = ApplicationDelegate.h; sourceTree = "<group>"; };
		DD4F7C1B13C30F9F00825C6E /* ApplicationDelegate.m */ = {isa = PBXFileReference; lastKnownFileType = sourcecode.c.objc; path = ApplicationDelegate.m; sourceTree = "<group>"; };
		DD4F7C1E13C30F9F00825C6E /* en */ = {isa = PBXFileReference; lastKnownFileType = file.xib; name = en; path = en.lproj/MainMenu.xib; sourceTree = "<group>"; };
		DD4F7C3613C317A500825C6E /* MenubarController.h */ = {isa = PBXFileReference; fileEncoding = 4; lastKnownFileType = sourcecode.c.h; path = MenubarController.h; sourceTree = "<group>"; };
		DD4F7C3713C317A500825C6E /* MenubarController.m */ = {isa = PBXFileReference; fileEncoding = 4; lastKnownFileType = sourcecode.c.objc; path = MenubarController.m; sourceTree = "<group>"; };
		DD4F7C3A13C3180800825C6E /* StatusItemView.h */ = {isa = PBXFileReference; fileEncoding = 4; lastKnownFileType = sourcecode.c.h; path = StatusItemView.h; sourceTree = "<group>"; };
		DD4F7C3B13C3180800825C6E /* StatusItemView.m */ = {isa = PBXFileReference; fileEncoding = 4; lastKnownFileType = sourcecode.c.objc; path = StatusItemView.m; sourceTree = "<group>"; };
		DD4F7C3D13C318D600825C6E /* PanelController.h */ = {isa = PBXFileReference; fileEncoding = 4; lastKnownFileType = sourcecode.c.h; path = PanelController.h; sourceTree = "<group>"; };
		DD4F7C3E13C318D600825C6E /* PanelController.m */ = {isa = PBXFileReference; fileEncoding = 4; lastKnownFileType = sourcecode.c.objc; path = PanelController.m; sourceTree = "<group>"; };
		DD4F7C4013C31B4A00825C6E /* Panel.xib */ = {isa = PBXFileReference; fileEncoding = 4; lastKnownFileType = file.xib; name = Panel.xib; path = MusicPlayrPlaya/Panel.xib; sourceTree = "<group>"; };
		DD4F7C4213C31BD200825C6E /* Panel.h */ = {isa = PBXFileReference; lastKnownFileType = sourcecode.c.h; path = Panel.h; sourceTree = "<group>"; };
		DD4F7C4313C31BD200825C6E /* Panel.m */ = {isa = PBXFileReference; fileEncoding = 4; lastKnownFileType = sourcecode.c.objc; path = Panel.m; sourceTree = "<group>"; };
		DD4F7C4513C3208500825C6E /* BackgroundView.h */ = {isa = PBXFileReference; fileEncoding = 4; lastKnownFileType = sourcecode.c.h; path = BackgroundView.h; sourceTree = "<group>"; };
		DD4F7C4613C3208500825C6E /* BackgroundView.m */ = {isa = PBXFileReference; fileEncoding = 4; lastKnownFileType = sourcecode.c.objc; path = BackgroundView.m; sourceTree = "<group>"; };
/* End PBXFileReference section */

/* Begin PBXFrameworksBuildPhase section */
		DD4F7C0113C30F9F00825C6E /* Frameworks */ = {
			isa = PBXFrameworksBuildPhase;
			buildActionMask = 2147483647;
			files = (
				99BC46311660F3940019516F /* Carbon.framework in Frameworks */,
				791079E814E1A4B700EE9281 /* WebKit.framework in Frameworks */,
				DD4F7C0913C30F9F00825C6E /* Cocoa.framework in Frameworks */,
			);
			runOnlyForDeploymentPostprocessing = 0;
		};
/* End PBXFrameworksBuildPhase section */

/* Begin PBXGroup section */
		DD4F7BF913C30F9F00825C6E = {
			isa = PBXGroup;
			children = (
				DD4F7C0E13C30F9F00825C6E /* Sources */,
				DD4F7C2813C3123E00825C6E /* User Interface */,
				DD4F7C0713C30F9F00825C6E /* Frameworks */,
				DD4F7C0513C30F9F00825C6E /* Products */,
				DD4F7C1013C30F9F00825C6E /* MusicPlayrPlaya-Info.plist */,
			);
			sourceTree = "<group>";
		};
		DD4F7C0513C30F9F00825C6E /* Products */ = {
			isa = PBXGroup;
			children = (
				DD4F7C0413C30F9F00825C6E /* MusicPlayrPlaya.app */,
			);
			name = Products;
			sourceTree = "<group>";
		};
		DD4F7C0713C30F9F00825C6E /* Frameworks */ = {
			isa = PBXGroup;
			children = (
				99BC46301660F3940019516F /* Carbon.framework */,
				791079E714E1A4B700EE9281 /* WebKit.framework */,
				DD4F7C0B13C30F9F00825C6E /* AppKit.framework */,
				DD4F7C0C13C30F9F00825C6E /* CoreData.framework */,
				DD4F7C0D13C30F9F00825C6E /* Foundation.framework */,
				DD4F7C0813C30F9F00825C6E /* Cocoa.framework */,
			);
			name = Frameworks;
			sourceTree = "<group>";
		};
		DD4F7C0E13C30F9F00825C6E /* Sources */ = {
			isa = PBXGroup;
			children = (
				DD4F7C2613C311DF00825C6E /* Controllers */,
				DD4F7C3913C317EC00825C6E /* Views */,
				DD4F7C0F13C30F9F00825C6E /* Supporting Files */,
			);
			name = Sources;
			path = MusicPlayrPlaya;
			sourceTree = "<group>";
		};
		DD4F7C0F13C30F9F00825C6E /* Supporting Files */ = {
			isa = PBXGroup;
			children = (
				DD4F7C1613C30F9F00825C6E /* MusicPlayrPlaya-Prefix.pch */,
				DD4F7C1413C30F9F00825C6E /* main.m */,
			);
			name = "Supporting Files";
			sourceTree = "<group>";
		};
		DD4F7C2613C311DF00825C6E /* Controllers */ = {
			isa = PBXGroup;
			children = (
				DD4F7C1A13C30F9F00825C6E /* ApplicationDelegate.h */,
				99BC46281660E9F10019516F /* SPMediaKeyTap.m */,
				DD4F7C1B13C30F9F00825C6E /* ApplicationDelegate.m */,
				DD4F7C3613C317A500825C6E /* MenubarController.h */,
				DD4F7C3713C317A500825C6E /* MenubarController.m */,
				DD4F7C3D13C318D600825C6E /* PanelController.h */,
				DD4F7C3E13C318D600825C6E /* PanelController.m */,
				99BC46271660E8E20019516F /* SPMediaKeyTap.h */,
				99BC462D1660EC1A0019516F /* SPInvocationGrabbing.h */,
				99BC462E1660EC480019516F /* SPInvocationGrabbing.m */,
			);
			name = Controllers;
			sourceTree = "<group>";
		};
		DD4F7C2813C3123E00825C6E /* User Interface */ = {
			isa = PBXGroup;
			children = (
				DD4F7C4813C322D800825C6E /* Graphics */,
				DD4F7C2913C3124300825C6E /* XIBs */,
			);
			name = "User Interface";
			sourceTree = "<group>";
		};
		DD4F7C2913C3124300825C6E /* XIBs */ = {
			isa = PBXGroup;
			children = (
				DD4F7C1D13C30F9F00825C6E /* MainMenu.xib */,
				DD4F7C4013C31B4A00825C6E /* Panel.xib */,
			);
			name = XIBs;
			sourceTree = "<group>";
		};
		DD4F7C3913C317EC00825C6E /* Views */ = {
			isa = PBXGroup;
			children = (
				DD4F7C4213C31BD200825C6E /* Panel.h */,
				DD4F7C4313C31BD200825C6E /* Panel.m */,
				DD4F7C3A13C3180800825C6E /* StatusItemView.h */,
				DD4F7C3B13C3180800825C6E /* StatusItemView.m */,
				DD4F7C4513C3208500825C6E /* BackgroundView.h */,
				DD4F7C4613C3208500825C6E /* BackgroundView.m */,
				791079EC14E1A73900EE9281 /* MPWebView.h */,
				791079ED14E1A73900EE9281 /* MPWebView.m */,
			);
			name = Views;
			sourceTree = "<group>";
		};
		DD4F7C4813C322D800825C6E /* Graphics */ = {
			isa = PBXGroup;
			children = (
				993D13DF166F0BC700B52D84 /* MPP.icns */,
				99EA6995166DDC3100CF82E2 /* MP.png */,
				99EA6996166DDC3100CF82E2 /* MPActive.png */,
			);
			name = Graphics;
			sourceTree = "<group>";
		};
/* End PBXGroup section */

/* Begin PBXNativeTarget section */
		DD4F7C0313C30F9F00825C6E /* MusicPlayrPlaya */ = {
			isa = PBXNativeTarget;
			buildConfigurationList = DD4F7C2213C30F9F00825C6E /* Build configuration list for PBXNativeTarget "MusicPlayrPlaya" */;
			buildPhases = (
				DD4F7C0013C30F9F00825C6E /* Sources */,
				DD4F7C0113C30F9F00825C6E /* Frameworks */,
				DD4F7C0213C30F9F00825C6E /* Resources */,
			);
			buildRules = (
			);
			dependencies = (
			);
			name = MusicPlayrPlaya;
			productName = MusicPlayrPlaya;
			productReference = DD4F7C0413C30F9F00825C6E /* MusicPlayrPlaya.app */;
			productType = "com.apple.product-type.application";
		};
/* End PBXNativeTarget section */

/* Begin PBXProject section */
		DD4F7BFB13C30F9F00825C6E /* Project object */ = {
			isa = PBXProject;
			attributes = {
				LastUpgradeCheck = 0450;
			};
			buildConfigurationList = DD4F7BFE13C30F9F00825C6E /* Build configuration list for PBXProject "MusicPlayrPlaya" */;
			compatibilityVersion = "Xcode 3.2";
			developmentRegion = English;
			hasScannedForEncodings = 0;
			knownRegions = (
				en,
			);
			mainGroup = DD4F7BF913C30F9F00825C6E;
			productRefGroup = DD4F7C0513C30F9F00825C6E /* Products */;
			projectDirPath = "";
			projectRoot = "";
			targets = (
				DD4F7C0313C30F9F00825C6E /* MusicPlayrPlaya */,
			);
		};
/* End PBXProject section */

/* Begin PBXResourcesBuildPhase section */
		DD4F7C0213C30F9F00825C6E /* Resources */ = {
			isa = PBXResourcesBuildPhase;
			buildActionMask = 2147483647;
			files = (
				DD4F7C1F13C30F9F00825C6E /* MainMenu.xib in Resources */,
				DD4F7C4113C31B4A00825C6E /* Panel.xib in Resources */,
				99EA6997166DDC3100CF82E2 /* MP.png in Resources */,
				99EA6998166DDC3100CF82E2 /* MPActive.png in Resources */,
				993D13E0166F0BC700B52D84 /* MPP.icns in Resources */,
			);
			runOnlyForDeploymentPostprocessing = 0;
		};
/* End PBXResourcesBuildPhase section */

/* Begin PBXSourcesBuildPhase section */
		DD4F7C0013C30F9F00825C6E /* Sources */ = {
			isa = PBXSourcesBuildPhase;
			buildActionMask = 2147483647;
			files = (
				DD4F7C1513C30F9F00825C6E /* main.m in Sources */,
				DD4F7C1C13C30F9F00825C6E /* ApplicationDelegate.m in Sources */,
				DD4F7C3813C317A500825C6E /* MenubarController.m in Sources */,
				DD4F7C3C13C3180800825C6E /* StatusItemView.m in Sources */,
				DD4F7C3F13C318D600825C6E /* PanelController.m in Sources */,
				DD4F7C4413C31BD200825C6E /* Panel.m in Sources */,
				DD4F7C4713C3208500825C6E /* BackgroundView.m in Sources */,
				791079EE14E1A73900EE9281 /* MPWebView.m in Sources */,
				99BC46291660E9F20019516F /* SPMediaKeyTap.m in Sources */,
				99BC462F1660EC490019516F /* SPInvocationGrabbing.m in Sources */,
			);
			runOnlyForDeploymentPostprocessing = 0;
		};
/* End PBXSourcesBuildPhase section */

/* Begin PBXVariantGroup section */
		DD4F7C1D13C30F9F00825C6E /* MainMenu.xib */ = {
			isa = PBXVariantGroup;
			children = (
				DD4F7C1E13C30F9F00825C6E /* en */,
			);
			name = MainMenu.xib;
			path = MusicPlayrPlaya;
			sourceTree = "<group>";
		};
/* End PBXVariantGroup section */

/* Begin XCBuildConfiguration section */
		DD4F7C2013C30F9F00825C6E /* Debug */ = {
			isa = XCBuildConfiguration;
			buildSettings = {
				ALWAYS_SEARCH_USER_PATHS = NO;
				ARCHS = "$(ARCHS_STANDARD_64_BIT)";
				COPY_PHASE_STRIP = NO;
				GCC_C_LANGUAGE_STANDARD = gnu99;
				GCC_DYNAMIC_NO_PIC = NO;
				GCC_ENABLE_OBJC_EXCEPTIONS = YES;
				GCC_OPTIMIZATION_LEVEL = 0;
				GCC_PREPROCESSOR_DEFINITIONS = (
					"DEBUG=1",
					"$(inherited)",
				);
				GCC_SYMBOLS_PRIVATE_EXTERN = NO;
				GCC_VERSION = com.apple.compilers.llvm.clang.1_0;
				GCC_WARN_64_TO_32_BIT_CONVERSION = YES;
				GCC_WARN_ABOUT_MISSING_PROTOTYPES = YES;
				GCC_WARN_ABOUT_RETURN_TYPE = YES;
				GCC_WARN_UNUSED_VARIABLE = YES;
				MACOSX_DEPLOYMENT_TARGET = 10.6;
				ONLY_ACTIVE_ARCH = YES;
				SDKROOT = macosx;
			};
			name = Debug;
		};
		DD4F7C2113C30F9F00825C6E /* Release */ = {
			isa = XCBuildConfiguration;
			buildSettings = {
				ALWAYS_SEARCH_USER_PATHS = NO;
				ARCHS = "$(ARCHS_STANDARD_64_BIT)";
				COPY_PHASE_STRIP = YES;
				DEBUG_INFORMATION_FORMAT = "dwarf-with-dsym";
				GCC_C_LANGUAGE_STANDARD = gnu99;
				GCC_ENABLE_OBJC_EXCEPTIONS = YES;
				GCC_VERSION = com.apple.compilers.llvm.clang.1_0;
				GCC_WARN_64_TO_32_BIT_CONVERSION = YES;
				GCC_WARN_ABOUT_MISSING_PROTOTYPES = YES;
				GCC_WARN_ABOUT_RETURN_TYPE = YES;
				GCC_WARN_UNUSED_VARIABLE = YES;
				MACOSX_DEPLOYMENT_TARGET = 10.6;
				ONLY_ACTIVE_ARCH = YES;
				SDKROOT = macosx;
			};
			name = Release;
		};
		DD4F7C2313C30F9F00825C6E /* Debug */ = {
			isa = XCBuildConfiguration;
			buildSettings = {
				COMBINE_HIDPI_IMAGES = YES;
				GCC_PRECOMPILE_PREFIX_HEADER = YES;
				GCC_PREFIX_HEADER = "MusicPlayrPlaya/MusicPlayrPlaya-Prefix.pch";
				INFOPLIST_FILE = "MusicPlayrPlaya/MusicPlayrPlaya-Info.plist";
				PRODUCT_NAME = MusicPlayrPlaya;
				WRAPPER_EXTENSION = app;
			};
			name = Debug;
		};
		DD4F7C2413C30F9F00825C6E /* Release */ = {
			isa = XCBuildConfiguration;
			buildSettings = {
				COMBINE_HIDPI_IMAGES = YES;
				GCC_PRECOMPILE_PREFIX_HEADER = YES;
				GCC_PREFIX_HEADER = "MusicPlayrPlaya/MusicPlayrPlaya-Prefix.pch";
				INFOPLIST_FILE = "MusicPlayrPlaya/MusicPlayrPlaya-Info.plist";
				PRODUCT_NAME = MusicPlayrPlaya;
				WRAPPER_EXTENSION = app;
			};
			name = Release;
		};
/* End XCBuildConfiguration section */

/* Begin XCConfigurationList section */
		DD4F7BFE13C30F9F00825C6E /* Build configuration list for PBXProject "MusicPlayrPlaya" */ = {
			isa = XCConfigurationList;
			buildConfigurations = (
				DD4F7C2013C30F9F00825C6E /* Debug */,
				DD4F7C2113C30F9F00825C6E /* Release */,
			);
			defaultConfigurationIsVisible = 0;
			defaultConfigurationName = Release;
		};
		DD4F7C2213C30F9F00825C6E /* Build configuration list for PBXNativeTarget "MusicPlayrPlaya" */ = {
			isa = XCConfigurationList;
			buildConfigurations = (
				DD4F7C2313C30F9F00825C6E /* Debug */,
				DD4F7C2413C30F9F00825C6E /* Release */,
			);
			defaultConfigurationIsVisible = 0;
			defaultConfigurationName = Release;
		};
/* End XCConfigurationList section */
	};
	rootObject = DD4F7BFB13C30F9F00825C6E /* Project object */;
}
